
Microsoft Visual Studio Solution File, Format Version 12.00
# Visual Studio 15
VisualStudioVersion = 15.0.28307.136
MinimumVisualStudioVersion = 10.0.40219.1
Project("{8BC9CEB8-8B4A-11D0-8D11-00A0C91BC942}") = "DoorLock", "DoorLock\DoorLock.vcxproj", "{C5F80730-F44F-4478-BDAE-6634EFC2CA88}"
EndProject
Project("{FAE04EC0-301F-11D3-BF4B-00C04F79EFBC}") = "ConnectApp", "ConnectApp\ConnectApp.csproj", "{52CBCF24-A916-4759-B486-C4CF7DE3B9FB}"
EndProject
Project("{D954291E-2A0B-460D-934E-DC6B0785DB48}") = "DoorController", "DoorController\DoorController.shproj", "{0C34B557-A75D-4ED7-89A8-43DFC6C4A146}"
EndProject
Global
	GlobalSection(SharedMSBuildProjectFiles) = preSolution
		DoorController\DoorController.projitems*{0c34b557-a75d-4ed7-89a8-43dfc6c4a146}*SharedItemsImports = 13
		DoorController\DoorController.projitems*{52cbcf24-a916-4759-b486-c4cf7de3b9fb}*SharedItemsImports = 4
	EndGlobalSection
	GlobalSection(SolutionConfigurationPlatforms) = preSolution
		Debug|Any CPU = Debug|Any CPU
		Debug|x86 = Debug|x86
		Release|Any CPU = Release|Any CPU
		Release|x86 = Release|x86
	EndGlobalSection
	GlobalSection(ProjectConfigurationPlatforms) = postSolution
		{C5F80730-F44F-4478-BDAE-6634EFC2CA88}.Debug|Any CPU.ActiveCfg = Debug|Win32
		{C5F80730-F44F-4478-BDAE-6634EFC2CA88}.Debug|x86.ActiveCfg = Debug|Win32
		{C5F80730-F44F-4478-BDAE-6634EFC2CA88}.Debug|x86.Build.0 = Debug|Win32
		{C5F80730-F44F-4478-BDAE-6634EFC2CA88}.Release|Any CPU.ActiveCfg = Release|Win32
		{C5F80730-F44F-4478-BDAE-6634EFC2CA88}.Release|x86.ActiveCfg = Release|Win32
		{C5F80730-F44F-4478-BDAE-6634EFC2CA88}.Release|x86.Build.0 = Release|Win32
		{52CBCF24-A916-4759-B486-C4CF7DE3B9FB}.Debug|Any CPU.ActiveCfg = Debug|Any CPU
		{52CBCF24-A916-4759-B486-C4CF7DE3B9FB}.Debug|Any CPU.Build.0 = Debug|Any CPU
		{52CBCF24-A916-4759-B486-C4CF7DE3B9FB}.Debug|x86.ActiveCfg = Debug|Any CPU
		{52CBCF24-A916-4759-B486-C4CF7DE3B9FB}.Debug|x86.Build.0 = Debug|Any CPU
		{52CBCF24-A916-4759-B486-C4CF7DE3B9FB}.Release|Any CPU.ActiveCfg = Release|Any CPU
		{52CBCF24-A916-4759-B486-C4CF7DE3B9FB}.Release|Any CPU.Build.0 = Release|Any CPU
		{52CBCF24-A916-4759-B486-C4CF7DE3B9FB}.Release|x86.ActiveCfg = Release|Any CPU
		{52CBCF24-A916-4759-B486-C4CF7DE3B9FB}.Release|x86.Build.0 = Release|Any CPU
	EndGlobalSection
	GlobalSection(SolutionProperties) = preSolution
		HideSolutionNode = FALSE
	EndGlobalSection
	GlobalSection(ExtensibilityGlobals) = postSolution
		SolutionGuid = {72175747-F193-4717-A1DE-F5F017F17CB7}
	EndGlobalSection
EndGlobal
