<?xml version="1.0" encoding="utf-8"?>
<Project ToolsVersion="4.0" xmlns="http://schemas.microsoft.com/developer/msbuild/2003">
  <ItemGroup>
    <Filter Include="Source Files">
      <UniqueIdentifier>{4FC737F1-C7A5-4376-A066-2A32D752A2FF}</UniqueIdentifier>
      <Extensions>cpp;c;cc;cxx;def;odl;idl;hpj;bat;asm;asmx</Extensions>
    </Filter>
    <Filter Include="Header Files">
      <UniqueIdentifier>{93995380-89BD-4b04-88EB-625FBE52EBFB}</UniqueIdentifier>
      <Extensions>h;hh;hpp;hxx;hm;inl;inc;xsd</Extensions>
    </Filter>
    <Filter Include="Resource Files">
      <UniqueIdentifier>{67DA6AB6-F800-4c08-8B7A-83BB121AAD01}</UniqueIdentifier>
      <Extensions>rc;ico;cur;bmp;dlg;rc2;rct;bin;rgs;gif;jpg;jpeg;jpe;resx;tiff;tif;png;wav;mfcribbon-ms</Extensions>
    </Filter>
    <Filter Include="States">
      <UniqueIdentifier>{ad281e8c-e23f-476d-8f77-26853277320a}</UniqueIdentifier>
    </Filter>
  </ItemGroup>
  <ItemGroup>
    <None Include="DoorLock.ino" />
  </ItemGroup>
  <ItemGroup>
    <ClInclude Include="__vm\.DoorLock.vsarduino.h">
      <Filter>Header Files</Filter>
    </ClInclude>
    <ClInclude Include="Button.h">
      <Filter>Header Files</Filter>
    </ClInclude>
    <ClInclude Include="StateManager.h">
      <Filter>Header Files</Filter>
    </ClInclude>
    <ClInclude Include="Defines.h">
      <Filter>Header Files</Filter>
    </ClInclude>
    <ClInclude Include="Tag.h">
      <Filter>Header Files</Filter>
    </ClInclude>
    <ClInclude Include="Logger.h">
      <Filter>Header Files</Filter>
    </ClInclude>
    <ClInclude Include="Flags.h">
      <Filter>Header Files</Filter>
    </ClInclude>
    <ClInclude Include="Sound.h">
      <Filter>Header Files</Filter>
    </ClInclude>
    <ClInclude Include="States\BaseState.h">
      <Filter>Header Files</Filter>
    </ClInclude>
    <ClInclude Include="States\LockedState.h">
      <Filter>Header Files</Filter>
    </ClInclude>
    <ClInclude Include="States\ListenForEmptyState.h">
      <Filter>Header Files</Filter>
    </ClInclude>
    <ClInclude Include="States\ListenForMasterState.h">
      <Filter>Header Files</Filter>
    </ClInclude>
    <ClInclude Include="States\OpenedState.h">
      <Filter>Header Files</Filter>
    </ClInclude>
    <ClInclude Include="States\UnlockingState.h">
      <Filter>Header Files</Filter>
    </ClInclude>
    <ClInclude Include="Rnd.h">
      <Filter>Header Files</Filter>
    </ClInclude>
  </ItemGroup>
  <ItemGroup>
    <ClCompile Include="Button.cpp">
      <Filter>Source Files</Filter>
    </ClCompile>
    <ClCompile Include="StateManager.cpp">
      <Filter>Source Files</Filter>
    </ClCompile>
    <ClCompile Include="Tag.cpp">
      <Filter>Source Files</Filter>
    </ClCompile>
    <ClCompile Include="Logger.cpp">
      <Filter>Source Files</Filter>
    </ClCompile>
    <ClCompile Include="Flags.cpp">
      <Filter>Source Files</Filter>
    </ClCompile>
    <ClCompile Include="Sound.cpp">
      <Filter>Source Files</Filter>
    </ClCompile>
    <ClCompile Include="States\LockedState.cpp">
      <Filter>States</Filter>
    </ClCompile>
    <ClCompile Include="States\BaseState.cpp">
      <Filter>Source Files</Filter>
    </ClCompile>
    <ClCompile Include="States\ListenForEmptyState.cpp">
      <Filter>States</Filter>
    </ClCompile>
    <ClCompile Include="States\ListenForMasterState.cpp">
      <Filter>States</Filter>
    </ClCompile>
    <ClCompile Include="States\OpenedState.cpp">
      <Filter>States</Filter>
    </ClCompile>
    <ClCompile Include="States\UnlockingState.cpp">
      <Filter>States</Filter>
    </ClCompile>
    <ClCompile Include="Rnd.cpp">
      <Filter>Source Files</Filter>
    </ClCompile>
  </ItemGroup>
</Project>